# This file is automatically @generated by Cargo.
# It is not intended for manual editing.
version = 4

[[package]]
name = "cfg-if"
version = "1.0.4"
source = "registry+https://github.com/rust-lang/crates.io-index"
checksum = "9330f8b2ff13f34540b44e946ef35111825727b38d33286ef986142615121801"

[[package]]
name = "cli-prompt"
version = "0.1.0"
dependencies = [
 "hostname",
]

[[package]]
name = "hostname"
version = "0.4.2"
source = "registry+https://github.com/rust-lang/crates.io-index"
checksum = "617aaa3557aef3810a6369d0a99fac8a080891b68bd9f9812a1eeda0c0730cbd"
dependencies = [
 "cfg-if",
 "libc",
 "windows-link",
]

[[package]]
name = "libc"
version = "0.2.182"
source = "registry+https://github.com/rust-lang/crates.io-index"
checksum = "6800badb6cb2082ffd7b6a67e6125bb39f18782f793520caee8cb8846be06112"

[[package]]
name = "windows-link"
version = "0.2.1"
source = "registry+https://github.com/rust-lang/crates.io-index"
checksum = "f0805222e57f7521d6a62e36fa9163bc891acd422f971defe97d64e70d0a4fe5"
